// !$*UTF8*$!
{
	archiveVersion = 1;
	classes = {
	};
	objectVersion = 77;
	objects = {

/* Begin PBXBuildFile section */
		3B8812A92E550E910023DDF1 /* entities.swift in Sources */ = {isa = PBXBuildFile; fileRef = 3B8812A32E550E910023DDF1 /* entities.swift */; };
		3B8812AA2E550E910023DDF1 /* extensions.swift in Sources */ = {isa = PBXBuildFile; fileRef = 3B8812A42E550E910023DDF1 /* extensions.swift */; };
		3B8812AB2E550E910023DDF1 /* main.swift in Sources */ = {isa = PBXBuildFile; fileRef = 3B8812A62E550E910023DDF1 /* main.swift */; };
		3B8812AC2E550E910023DDF1 /* uti.swift in Sources */ = {isa = PBXBuildFile; fileRef = 3B8812A72E550E910023DDF1 /* uti.swift */; };
		3B8812AF2E550EC40023DDF1 /* Clicore in Frameworks */ = {isa = PBXBuildFile; productRef = 3B8812AE2E550EC40023DDF1 /* Clicore */; };
/* End PBXBuildFile section */

/* Begin PBXCopyFilesBuildPhase section */
		3B88128E2E550E510023DDF1 /* CopyFiles */ = {
			isa = PBXCopyFilesBuildPhase;
			buildActionMask = 2147483647;
			dstPath = /usr/share/man/man1/;
			dstSubfolderSpec = 0;
			files = (
			);
			runOnlyForDeploymentPostprocessing = 1;
		};
/* End PBXCopyFilesBuildPhase section */

/* Begin PBXFileReference section */
		3B8812902E550E510023DDF1 /* utitool */ = {isa = PBXFileReference; explicitFileType = "compiled.mach-o.executable"; includeInIndex = 0; path = utitool; sourceTree = BUILT_PRODUCTS_DIR; };
		3B8812A32E550E910023DDF1 /* entities.swift */ = {isa = PBXFileReference; lastKnownFileType = sourcecode.swift; path = entities.swift; sourceTree = "<group>"; };
		3B8812A42E550E910023DDF1 /* extensions.swift */ = {isa = PBXFileReference; lastKnownFileType = sourcecode.swift; path = extensions.swift; sourceTree = "<group>"; };
		3B8812A52E550E910023DDF1 /* Info.plist */ = {isa = PBXFileReference; lastKnownFileType = text.plist.xml; path = Info.plist; sourceTree = "<group>"; };
		3B8812A62E550E910023DDF1 /* main.swift */ = {isa = PBXFileReference; lastKnownFileType = sourcecode.swift; path = main.swift; sourceTree = "<group>"; };
		3B8812A72E550E910023DDF1 /* uti.swift */ = {isa = PBXFileReference; lastKnownFileType = sourcecode.swift; path = uti.swift; sourceTree = "<group>"; };
		3B8812B12E550F100023DDF1 /* CHANGELOG.md */ = {isa = PBXFileReference; lastKnownFileType = net.daringfireball.markdown; path = CHANGELOG.md; sourceTree = SOURCE_ROOT; };
		3B8812B22E550F100023DDF1 /* LICENSE.md */ = {isa = PBXFileReference; lastKnownFileType = net.daringfireball.markdown; path = LICENSE.md; sourceTree = SOURCE_ROOT; };
		3B8812B32E550F100023DDF1 /* README.md */ = {isa = PBXFileReference; lastKnownFileType = net.daringfireball.markdown; path = README.md; sourceTree = SOURCE_ROOT; };
		3B8812B42E550F270023DDF1 /* utitool.1 */ = {isa = PBXFileReference; lastKnownFileType = text.man; path = utitool.1; sourceTree = "<group>"; };
/* End PBXFileReference section */

/* Begin PBXFrameworksBuildPhase section */
		3B88128D2E550E510023DDF1 /* Frameworks */ = {
			isa = PBXFrameworksBuildPhase;
			buildActionMask = 2147483647;
			files = (
				3B8812AF2E550EC40023DDF1 /* Clicore in Frameworks */,
			);
			runOnlyForDeploymentPostprocessing = 0;
		};
/* End PBXFrameworksBuildPhase section */

/* Begin PBXGroup section */
		3B8812872E550E510023DDF1 = {
			isa = PBXGroup;
			children = (
				3B8812A82E550E910023DDF1 /* utitool */,
				3B8812B02E550EFA0023DDF1 /* Misc */,
				3B8812B52E550F270023DDF1 /* manpage */,
				3B8812912E550E510023DDF1 /* Products */,
			);
			sourceTree = "<group>";
		};
		3B8812912E550E510023DDF1 /* Products */ = {
			isa = PBXGroup;
			children = (
				3B8812902E550E510023DDF1 /* utitool */,
			);
			name = Products;
			sourceTree = "<group>";
		};
		3B8812A82E550E910023DDF1 /* utitool */ = {
			isa = PBXGroup;
			children = (
				3B8812A62E550E910023DDF1 /* main.swift */,
				3B8812A72E550E910023DDF1 /* uti.swift */,
				3B8812A32E550E910023DDF1 /* entities.swift */,
				3B8812A42E550E910023DDF1 /* extensions.swift */,
				3B8812A52E550E910023DDF1 /* Info.plist */,
			);
			path = utitool;
			sourceTree = "<group>";
		};
		3B8812B02E550EFA0023DDF1 /* Misc */ = {
			isa = PBXGroup;
			children = (
				3B8812B32E550F100023DDF1 /* README.md */,
				3B8812B12E550F100023DDF1 /* CHANGELOG.md */,
				3B8812B22E550F100023DDF1 /* LICENSE.md */,
			);
			path = Misc;
			sourceTree = "<group>";
		};
		3B8812B52E550F270023DDF1 /* manpage */ = {
			isa = PBXGroup;
			children = (
				3B8812B42E550F270023DDF1 /* utitool.1 */,
			);
			path = manpage;
			sourceTree = SOURCE_ROOT;
		};
/* End PBXGroup section */

/* Begin PBXNativeTarget section */
		3B88128F2E550E510023DDF1 /* utitool */ = {
			isa = PBXNativeTarget;
			buildConfigurationList = 3B8812972E550E510023DDF1 /* Build configuration list for PBXNativeTarget "utitool" */;
			buildPhases = (
				3B88128C2E550E510023DDF1 /* Sources */,
				3B88128D2E550E510023DDF1 /* Frameworks */,
				3B88128E2E550E510023DDF1 /* CopyFiles */,
			);
			buildRules = (
			);
			dependencies = (
			);
			name = utitool;
			packageProductDependencies = (
				3B8812AE2E550EC40023DDF1 /* Clicore */,
			);
			productName = utitool;
			productReference = 3B8812902E550E510023DDF1 /* utitool */;
			productType = "com.apple.product-type.tool";
		};
/* End PBXNativeTarget section */

/* Begin PBXProject section */
		3B8812882E550E510023DDF1 /* Project object */ = {
			isa = PBXProject;
			attributes = {
				BuildIndependentTargetsInParallel = 1;
				LastSwiftUpdateCheck = 1640;
				LastUpgradeCheck = 1640;
				TargetAttributes = {
					3B88128F2E550E510023DDF1 = {
						CreatedOnToolsVersion = 16.4;
					};
				};
			};
			buildConfigurationList = 3B88128B2E550E510023DDF1 /* Build configuration list for PBXProject "utitool" */;
			developmentRegion = en;
			hasScannedForEncodings = 0;
			knownRegions = (
				en,
				Base,
			);
			mainGroup = 3B8812872E550E510023DDF1;
			minimizedProjectReferenceProxies = 1;
			packageReferences = (
				3B8812AD2E550EC40023DDF1 /* XCRemoteSwiftPackageReference "clicore" */,
			);
			preferredProjectObjectVersion = 77;
			productRefGroup = 3B8812912E550E510023DDF1 /* Products */;
			projectDirPath = "";
			projectRoot = "";
			targets = (
				3B88128F2E550E510023DDF1 /* utitool */,
			);
		};
/* End PBXProject section */

/* Begin PBXSourcesBuildPhase section */
		3B88128C2E550E510023DDF1 /* Sources */ = {
			isa = PBXSourcesBuildPhase;
			buildActionMask = 2147483647;
			files = (
				3B8812A92E550E910023DDF1 /* entities.swift in Sources */,
				3B8812AA2E550E910023DDF1 /* extensions.swift in Sources */,
				3B8812AB2E550E910023DDF1 /* main.swift in Sources */,
				3B8812AC2E550E910023DDF1 /* uti.swift in Sources */,
			);
			runOnlyForDeploymentPostprocessing = 0;
		};
/* End PBXSourcesBuildPhase section */

/* Begin XCBuildConfiguration section */
		3B8812952E550E510023DDF1 /* Debug */ = {
			isa = XCBuildConfiguration;
			buildSettings = {
				ALWAYS_SEARCH_USER_PATHS = NO;
				ASSETCATALOG_COMPILER_GENERATE_SWIFT_ASSET_SYMBOL_EXTENSIONS = YES;
				CLANG_ANALYZER_NONNULL = YES;
				CLANG_ANALYZER_NUMBER_OBJECT_CONVERSION = YES_AGGRESSIVE;
				CLANG_CXX_LANGUAGE_STANDARD = "gnu++20";
				CLANG_ENABLE_MODULES = YES;
				CLANG_ENABLE_OBJC_ARC = YES;
				CLANG_ENABLE_OBJC_WEAK = YES;
				CLANG_WARN_BLOCK_CAPTURE_AUTORELEASING = YES;
				CLANG_WARN_BOOL_CONVERSION = YES;
				CLANG_WARN_COMMA = YES;
				CLANG_WARN_CONSTANT_CONVERSION = YES;
				CLANG_WARN_DEPRECATED_OBJC_IMPLEMENTATIONS = YES;
				CLANG_WARN_DIRECT_OBJC_ISA_USAGE = YES_ERROR;
				CLANG_WARN_DOCUMENTATION_COMMENTS = YES;
				CLANG_WARN_EMPTY_BODY = YES;
				CLANG_WARN_ENUM_CONVERSION = YES;
				CLANG_WARN_INFINITE_RECURSION = YES;
				CLANG_WARN_INT_CONVERSION = YES;
				CLANG_WARN_NON_LITERAL_NULL_CONVERSION = YES;
				CLANG_WARN_OBJC_IMPLICIT_RETAIN_SELF = YES;
				CLANG_WARN_OBJC_LITERAL_CONVERSION = YES;
				CLANG_WARN_OBJC_ROOT_CLASS = YES_ERROR;
				CLANG_WARN_QUOTED_INCLUDE_IN_FRAMEWORK_HEADER = YES;
				CLANG_WARN_RANGE_LOOP_ANALYSIS = YES;
				CLANG_WARN_STRICT_PROTOTYPES = YES;
				CLANG_WARN_SUSPICIOUS_MOVE = YES;
				CLANG_WARN_UNGUARDED_AVAILABILITY = YES_AGGRESSIVE;
				CLANG_WARN_UNREACHABLE_CODE = YES;
				CLANG_WARN__DUPLICATE_METHOD_MATCH = YES;
				COPY_PHASE_STRIP = NO;
				DEBUG_INFORMATION_FORMAT = dwarf;
				DEVELOPMENT_TEAM = Y5J3K52DNA;
				ENABLE_STRICT_OBJC_MSGSEND = YES;
				ENABLE_TESTABILITY = YES;
				ENABLE_USER_SCRIPT_SANDBOXING = YES;
				GCC_C_LANGUAGE_STANDARD = gnu17;
				GCC_DYNAMIC_NO_PIC = NO;
				GCC_NO_COMMON_BLOCKS = YES;
				GCC_OPTIMIZATION_LEVEL = 0;
				GCC_PREPROCESSOR_DEFINITIONS = (
					"DEBUG=1",
					"$(inherited)",
				);
				GCC_WARN_64_TO_32_BIT_CONVERSION = YES;
				GCC_WARN_ABOUT_RETURN_TYPE = YES_ERROR;
				GCC_WARN_UNDECLARED_SELECTOR = YES;
				GCC_WARN_UNINITIALIZED_AUTOS = YES_AGGRESSIVE;
				GCC_WARN_UNUSED_FUNCTION = YES;
				GCC_WARN_UNUSED_VARIABLE = YES;
				LOCALIZATION_PREFERS_STRING_CATALOGS = YES;
				MACOSX_DEPLOYMENT_TARGET = 15.5;
				MTL_ENABLE_DEBUG_INFO = INCLUDE_SOURCE;
				MTL_FAST_MATH = YES;
				ONLY_ACTIVE_ARCH = YES;
				SDKROOT = macosx;
				SWIFT_ACTIVE_COMPILATION_CONDITIONS = "DEBUG $(inherited)";
				SWIFT_OPTIMIZATION_LEVEL = "-Onone";
			};
			name = Debug;
		};
		3B8812962E550E510023DDF1 /* Release */ = {
			isa = XCBuildConfiguration;
			buildSettings = {
				ALWAYS_SEARCH_USER_PATHS = NO;
				ASSETCATALOG_COMPILER_GENERATE_SWIFT_ASSET_SYMBOL_EXTENSIONS = YES;
				CLANG_ANALYZER_NONNULL = YES;
				CLANG_ANALYZER_NUMBER_OBJECT_CONVERSION = YES_AGGRESSIVE;
				CLANG_CXX_LANGUAGE_STANDARD = "gnu++20";
				CLANG_ENABLE_MODULES = YES;
				CLANG_ENABLE_OBJC_ARC = YES;
				CLANG_ENABLE_OBJC_WEAK = YES;
				CLANG_WARN_BLOCK_CAPTURE_AUTORELEASING = YES;
				CLANG_WARN_BOOL_CONVERSION = YES;
				CLANG_WARN_COMMA = YES;
				CLANG_WARN_CONSTANT_CONVERSION = YES;
				CLANG_WARN_DEPRECATED_OBJC_IMPLEMENTATIONS = YES;
				CLANG_WARN_DIRECT_OBJC_ISA_USAGE = YES_ERROR;
				CLANG_WARN_DOCUMENTATION_COMMENTS = YES;
				CLANG_WARN_EMPTY_BODY = YES;
				CLANG_WARN_ENUM_CONVERSION = YES;
				CLANG_WARN_INFINITE_RECURSION = YES;
				CLANG_WARN_INT_CONVERSION = YES;
				CLANG_WARN_NON_LITERAL_NULL_CONVERSION = YES;
				CLANG_WARN_OBJC_IMPLICIT_RETAIN_SELF = YES;
				CLANG_WARN_OBJC_LITERAL_CONVERSION = YES;
				CLANG_WARN_OBJC_ROOT_CLASS = YES_ERROR;
				CLANG_WARN_QUOTED_INCLUDE_IN_FRAMEWORK_HEADER = YES;
				CLANG_WARN_RANGE_LOOP_ANALYSIS = YES;
				CLANG_WARN_STRICT_PROTOTYPES = YES;
				CLANG_WARN_SUSPICIOUS_MOVE = YES;
				CLANG_WARN_UNGUARDED_AVAILABILITY = YES_AGGRESSIVE;
				CLANG_WARN_UNREACHABLE_CODE = YES;
				CLANG_WARN__DUPLICATE_METHOD_MATCH = YES;
				COPY_PHASE_STRIP = NO;
				DEBUG_INFORMATION_FORMAT = "dwarf-with-dsym";
				DEVELOPMENT_TEAM = Y5J3K52DNA;
				ENABLE_NS_ASSERTIONS = NO;
				ENABLE_STRICT_OBJC_MSGSEND = YES;
				ENABLE_USER_SCRIPT_SANDBOXING = YES;
				GCC_C_LANGUAGE_STANDARD = gnu17;
				GCC_NO_COMMON_BLOCKS = YES;
				GCC_WARN_64_TO_32_BIT_CONVERSION = YES;
				GCC_WARN_ABOUT_RETURN_TYPE = YES_ERROR;
				GCC_WARN_UNDECLARED_SELECTOR = YES;
				GCC_WARN_UNINITIALIZED_AUTOS = YES_AGGRESSIVE;
				GCC_WARN_UNUSED_FUNCTION = YES;
				GCC_WARN_UNUSED_VARIABLE = YES;
				LOCALIZATION_PREFERS_STRING_CATALOGS = YES;
				MACOSX_DEPLOYMENT_TARGET = 15.5;
				MTL_ENABLE_DEBUG_INFO = NO;
				MTL_FAST_MATH = YES;
				SDKROOT = macosx;
				SWIFT_COMPILATION_MODE = wholemodule;
			};
			name = Release;
		};
		3B8812982E550E510023DDF1 /* Debug */ = {
			isa = XCBuildConfiguration;
			buildSettings = {
				"CODE_SIGN_IDENTITY[sdk=macosx*]" = "Developer ID Application";
				CODE_SIGN_STYLE = Manual;
				CREATE_INFOPLIST_SECTION_IN_BINARY = YES;
				CURRENT_PROJECT_VERSION = 55;
				DEVELOPMENT_TEAM = "";
				"DEVELOPMENT_TEAM[sdk=macosx*]" = Y5J3K52DNA;
				DSTROOT = $SRCROOT/build/pkgroot;
				ENABLE_HARDENED_RUNTIME = YES;
				INFOPLIST_FILE = utitool/Info.plist;
				MARKETING_VERSION = 1.2.2;
				PRODUCT_BUNDLE_IDENTIFIER = com.bps.utitool;
				PRODUCT_NAME = "$(TARGET_NAME)";
				PROVISIONING_PROFILE_SPECIFIER = "";
				SKIP_INSTALL = NO;
				SWIFT_VERSION = 5.0;
			};
			name = Debug;
		};
		3B8812992E550E510023DDF1 /* Release */ = {
			isa = XCBuildConfiguration;
			buildSettings = {
				"CODE_SIGN_IDENTITY[sdk=macosx*]" = "Developer ID Application";
				CODE_SIGN_STYLE = Manual;
				CREATE_INFOPLIST_SECTION_IN_BINARY = YES;
				CURRENT_PROJECT_VERSION = 55;
				DEVELOPMENT_TEAM = "";
				"DEVELOPMENT_TEAM[sdk=macosx*]" = Y5J3K52DNA;
				DSTROOT = $SRCROOT/build/pkgroot;
				ENABLE_HARDENED_RUNTIME = YES;
				INFOPLIST_FILE = utitool/Info.plist;
				MARKETING_VERSION = 1.2.2;
				PRODUCT_BUNDLE_IDENTIFIER = com.bps.utitool;
				PRODUCT_NAME = "$(TARGET_NAME)";
				PROVISIONING_PROFILE_SPECIFIER = "";
				SKIP_INSTALL = NO;
				SWIFT_VERSION = 5.0;
			};
			name = Release;
		};
/* End XCBuildConfiguration section */

/* Begin XCConfigurationList section */
		3B88128B2E550E510023DDF1 /* Build configuration list for PBXProject "utitool" */ = {
			isa = XCConfigurationList;
			buildConfigurations = (
				3B8812952E550E510023DDF1 /* Debug */,
				3B8812962E550E510023DDF1 /* Release */,
			);
			defaultConfigurationIsVisible = 0;
			defaultConfigurationName = Release;
		};
		3B8812972E550E510023DDF1 /* Build configuration list for PBXNativeTarget "utitool" */ = {
			isa = XCConfigurationList;
			buildConfigurations = (
				3B8812982E550E510023DDF1 /* Debug */,
				3B8812992E550E510023DDF1 /* Release */,
			);
			defaultConfigurationIsVisible = 0;
			defaultConfigurationName = Release;
		};
/* End XCConfigurationList section */

/* Begin XCRemoteSwiftPackageReference section */
		3B8812AD2E550EC40023DDF1 /* XCRemoteSwiftPackageReference "clicore" */ = {
			isa = XCRemoteSwiftPackageReference;
			repositoryURL = "https://github.com/smittytone/clicore";
			requirement = {
				branch = main;
				kind = branch;
			};
		};
/* End XCRemoteSwiftPackageReference section */

/* Begin XCSwiftPackageProductDependency section */
		3B8812AE2E550EC40023DDF1 /* Clicore */ = {
			isa = XCSwiftPackageProductDependency;
			package = 3B8812AD2E550EC40023DDF1 /* XCRemoteSwiftPackageReference "clicore" */;
			productName = Clicore;
		};
/* End XCSwiftPackageProductDependency section */
	};
	rootObject = 3B8812882E550E510023DDF1 /* Project object */;
}
